{
  "version": 4,
  "terraform_version": "1.3.4",
  "serial": 15,
  "lineage": "437c80ef-645e-c5cb-e0a8-98995fdb5584",
  "outputs": {},
  "resources": [
    {
      "mode": "managed",
      "type": "google_compute_instance_from_machine_image",
      "name": "tpl",
      "provider": "provider[\"registry.terraform.io/hashicorp/google-beta\"]",
      "instances": [
        {
          "schema_version": 0,
          "attributes": {
            "advanced_machine_features": [],
            "allow_stopping_for_update": null,
            "attached_disk": [],
            "boot_disk": [
              {
                "auto_delete": true,
                "device_name": "batimex",
                "disk_encryption_key_raw": "",
                "disk_encryption_key_sha256": "",
                "initialize_params": [
                  {
                    "image": "",
                    "labels": {},
                    "size": 20,
                    "type": "pd-balanced"
                  }
                ],
                "kms_key_self_link": "",
                "mode": "READ_WRITE",
                "source": "https://www.googleapis.com/compute/v1/projects/stable-sylph-86807/zones/europe-west2-a/disks/test11"
              }
            ],
            "can_ip_forward": false,
            "confidential_instance_config": [
              {
                "enable_confidential_compute": false
              }
            ],
            "cpu_platform": "Intel Broadwell",
            "current_status": "RUNNING",
            "deletion_protection": false,
            "description": "",
            "desired_status": null,
            "enable_display": false,
            "guest_accelerator": [],
            "hostname": "",
            "id": "projects/stable-sylph-86807/zones/europe-west2-a/instances/test11",
            "instance_id": "1673642964800494818",
            "label_fingerprint": "2MAH4X53dao=",
            "labels": {
              "my_key": "my_value"
            },
            "machine_type": "g1-small",
            "metadata": {
              "sshKeys": "test11:ssh-rsa AAAAB3NzaC1yc2EAAAADAQABAAACAQCuDMABVhz+ogiSNIZWVVApq34Omfwi+ban0LCbh2QFt1mWAEW2sKO0QTezFVtlu9PCmzKqjDstqYJuW9Ex9ZsgowFb12mWeR+PC7DpvWKvMSAge4ydgBIt7C+j25RFhiah3SZzSkoEPEGEmUbA+F4h4JHnU+MinC3SxMZtZkDzRtJNanewG3eDwSCg1J2mPZkPXAb5k4gwIPAvTSL0mMpP7XZHVka852H9aEtNrbZvy+cfkgLU78NIh8ILgudg95H/L0Td2+NcqtsppMOvs4dWssmkDoe2DFs7fFC76JGahbDFV6J23oMgoJ2Wg1y0q6qMU0KLS2OHOAaklv/YbEvHXa+GozbP1vYvVPPboIgjWZUJjM9oFtds8vLReeqn3Zah8osaDP9PXwgl4LlTaS4VEIdXbhqyYvEH9LmjlzeAqMn3uNU5jtaHhZHMM3XyKGSq6pwBz+EsUIYIr2HVghqr1PuPjjNpcjjMvgSGUVb6pZscB3UPchlKV35v6YxgsGzhtFbWNqrozEqdXdV+C9rLp5YfbswLoZc5hwAJvP+ijwCGNnKlzegdAQDvvsGTVp0to3yCKBKD1m6LEzMBO/ceXyUNLTBxrzNaLh2H40pB82miTvjz9tvFZbD41y4COtmA3tbAwWLhPzrzf2WB00/68RfKA+1rDuPWvYhNnAw1cw== ajr@esokia-webagency.com"
            },
            "metadata_fingerprint": "dsoko-tUDsQ=",
            "metadata_startup_script": "sudo su; adduser --disabled-password test11; touch /home/test11/.ssh/authorized_keys; su $USER; ssh-keygen -t rsa; touch .ssh/authorized_keys ",
            "min_cpu_platform": "",
            "name": "test11",
            "network_interface": [
              {
                "access_config": [
                  {
                    "nat_ip": "34.89.124.65",
                    "network_tier": "PREMIUM",
                    "public_ptr_domain_name": ""
                  }
                ],
                "alias_ip_range": [],
                "ipv6_access_config": [],
                "ipv6_access_type": "",
                "name": "nic0",
                "network": "https://www.googleapis.com/compute/v1/projects/stable-sylph-86807/global/networks/sandbox",
                "network_ip": "10.240.0.187",
                "nic_type": "",
                "queue_count": 0,
                "stack_type": "IPV4_ONLY",
                "subnetwork": "",
                "subnetwork_project": ""
              }
            ],
            "network_performance_config": [],
            "project": "stable-sylph-86807",
            "reservation_affinity": [
              {
                "specific_reservation": [],
                "type": "ANY_RESERVATION"
              }
            ],
            "resource_policies": [],
            "scheduling": [
              {
                "automatic_restart": true,
                "instance_termination_action": "",
                "min_node_cpus": 0,
                "node_affinities": [],
                "on_host_maintenance": "MIGRATE",
                "preemptible": false,
                "provisioning_model": "STANDARD"
              }
            ],
            "scratch_disk": [],
            "self_link": "https://www.googleapis.com/compute/v1/projects/stable-sylph-86807/zones/europe-west2-a/instances/test11",
            "service_account": [
              {
                "email": "32805229520-compute@developer.gserviceaccount.com",
                "scopes": []
              }
            ],
            "shielded_instance_config": [
              {
                "enable_integrity_monitoring": true,
                "enable_secure_boot": false,
                "enable_vtpm": true
              }
            ],
            "source_machine_image": "projects/stable-sylph-86807/global/machineImages/vm",
            "tags": [],
            "tags_fingerprint": "42WmSpB8rSM=",
            "timeouts": null,
            "zone": "europe-west2-a"
          },
          "sensitive_attributes": [],
          "private": "eyJlMmJmYjczMC1lY2FhLTExZTYtOGY4OC0zNDM2M2JjN2M0YzAiOnsiY3JlYXRlIjoxMjAwMDAwMDAwMDAwLCJkZWxldGUiOjEyMDAwMDAwMDAwMDAsInVwZGF0ZSI6MTIwMDAwMDAwMDAwMH19"
        }
      ]
    }
  ],
  "check_results": null
}
